// !$*UTF8*$!
{
	archiveVersion = 1;
	classes = {
	};
	objectVersion = 55;
	objects = {

/* Begin PBXBuildFile section */
		BE8907CE289802990028DB3F /* AppDelegate.swift in Sources */ = {isa = PBXBuildFile; fileRef = BE8907CD289802990028DB3F /* AppDelegate.swift */; };
		BE8907D0289802990028DB3F /* SceneDelegate.swift in Sources */ = {isa = PBXBuildFile; fileRef = BE8907CF289802990028DB3F /* SceneDelegate.swift */; };
		BE8907D2289802990028DB3F /* ViewController.swift in Sources */ = {isa = PBXBuildFile; fileRef = BE8907D1289802990028DB3F /* ViewController.swift */; };
		BE8907D5289802990028DB3F /* Main.storyboard in Resources */ = {isa = PBXBuildFile; fileRef = BE8907D3289802990028DB3F /* Main.storyboard */; };
		BE8907D72898029A0028DB3F /* Assets.xcassets in Resources */ = {isa = PBXBuildFile; fileRef = BE8907D62898029A0028DB3F /* Assets.xcassets */; };
		BE8907DA2898029A0028DB3F /* LaunchScreen.storyboard in Resources */ = {isa = PBXBuildFile; fileRef = BE8907D82898029A0028DB3F /* LaunchScreen.storyboard */; };
		BE8907E3289803240028DB3F /* CNItem.swift in Sources */ = {isa = PBXBuildFile; fileRef = BE8907E2289803240028DB3F /* CNItem.swift */; };
		BE8907E6289803F80028DB3F /* NetworkManager.swift in Sources */ = {isa = PBXBuildFile; fileRef = BE8907E5289803F80028DB3F /* NetworkManager.swift */; };
		BE8907E82898120B0028DB3F /* Foo.swift in Sources */ = {isa = PBXBuildFile; fileRef = BE8907E72898120B0028DB3F /* Foo.swift */; };
		BE8907EA28981E850028DB3F /* CNItemFoo.swift in Sources */ = {isa = PBXBuildFile; fileRef = BE8907E928981E850028DB3F /* CNItemFoo.swift */; };
		BE8907EC28981E9E0028DB3F /* CNComicBookFoo.swift in Sources */ = {isa = PBXBuildFile; fileRef = BE8907EB28981E9E0028DB3F /* CNComicBookFoo.swift */; };
		BE8907EF289823180028DB3F /* FooViewController.swift in Sources */ = {isa = PBXBuildFile; fileRef = BE8907EE289823180028DB3F /* FooViewController.swift */; };
/* End PBXBuildFile section */

/* Begin PBXFileReference section */
		BE8907CA289802990028DB3F /* CNChalllengeOne.app */ = {isa = PBXFileReference; explicitFileType = wrapper.application; includeInIndex = 0; path = CNChalllengeOne.app; sourceTree = BUILT_PRODUCTS_DIR; };
		BE8907CD289802990028DB3F /* AppDelegate.swift */ = {isa = PBXFileReference; lastKnownFileType = sourcecode.swift; path = AppDelegate.swift; sourceTree = "<group>"; };
		BE8907CF289802990028DB3F /* SceneDelegate.swift */ = {isa = PBXFileReference; lastKnownFileType = sourcecode.swift; path = SceneDelegate.swift; sourceTree = "<group>"; };
		BE8907D1289802990028DB3F /* ViewController.swift */ = {isa = PBXFileReference; lastKnownFileType = sourcecode.swift; path = ViewController.swift; sourceTree = "<group>"; };
		BE8907D4289802990028DB3F /* Base */ = {isa = PBXFileReference; lastKnownFileType = file.storyboard; name = Base; path = Base.lproj/Main.storyboard; sourceTree = "<group>"; };
		BE8907D62898029A0028DB3F /* Assets.xcassets */ = {isa = PBXFileReference; lastKnownFileType = folder.assetcatalog; path = Assets.xcassets; sourceTree = "<group>"; };
		BE8907D92898029A0028DB3F /* Base */ = {isa = PBXFileReference; lastKnownFileType = file.storyboard; name = Base; path = Base.lproj/LaunchScreen.storyboard; sourceTree = "<group>"; };
		BE8907DB2898029A0028DB3F /* Info.plist */ = {isa = PBXFileReference; lastKnownFileType = text.plist.xml; path = Info.plist; sourceTree = "<group>"; };
		BE8907E2289803240028DB3F /* CNItem.swift */ = {isa = PBXFileReference; lastKnownFileType = sourcecode.swift; path = CNItem.swift; sourceTree = "<group>"; };
		BE8907E5289803F80028DB3F /* NetworkManager.swift */ = {isa = PBXFileReference; lastKnownFileType = sourcecode.swift; path = NetworkManager.swift; sourceTree = "<group>"; };
		BE8907E72898120B0028DB3F /* Foo.swift */ = {isa = PBXFileReference; lastKnownFileType = sourcecode.swift; path = Foo.swift; sourceTree = "<group>"; };
		BE8907E928981E850028DB3F /* CNItemFoo.swift */ = {isa = PBXFileReference; lastKnownFileType = sourcecode.swift; path = CNItemFoo.swift; sourceTree = "<group>"; };
		BE8907EB28981E9E0028DB3F /* CNComicBookFoo.swift */ = {isa = PBXFileReference; lastKnownFileType = sourcecode.swift; path = CNComicBookFoo.swift; sourceTree = "<group>"; };
		BE8907EE289823180028DB3F /* FooViewController.swift */ = {isa = PBXFileReference; lastKnownFileType = sourcecode.swift; path = FooViewController.swift; sourceTree = "<group>"; };
/* End PBXFileReference section */

/* Begin PBXFrameworksBuildPhase section */
		BE8907C7289802990028DB3F /* Frameworks */ = {
			isa = PBXFrameworksBuildPhase;
			buildActionMask = 2147483647;
			files = (
			);
			runOnlyForDeploymentPostprocessing = 0;
		};
/* End PBXFrameworksBuildPhase section */

/* Begin PBXGroup section */
		BE8907C1289802990028DB3F = {
			isa = PBXGroup;
			children = (
				BE8907CC289802990028DB3F /* CNChalllengeOne */,
				BE8907CB289802990028DB3F /* Products */,
			);
			sourceTree = "<group>";
		};
		BE8907CB289802990028DB3F /* Products */ = {
			isa = PBXGroup;
			children = (
				BE8907CA289802990028DB3F /* CNChalllengeOne.app */,
			);
			name = Products;
			sourceTree = "<group>";
		};
		BE8907CC289802990028DB3F /* CNChalllengeOne */ = {
			isa = PBXGroup;
			children = (
				BE8907ED289823050028DB3F /* Presentation */,
				BE8907E4289803E00028DB3F /* Domain */,
				BE8907E1289803140028DB3F /* Data */,
				BE8907CD289802990028DB3F /* AppDelegate.swift */,
				BE8907CF289802990028DB3F /* SceneDelegate.swift */,
				BE8907D1289802990028DB3F /* ViewController.swift */,
				BE8907D3289802990028DB3F /* Main.storyboard */,
				BE8907D62898029A0028DB3F /* Assets.xcassets */,
				BE8907D82898029A0028DB3F /* LaunchScreen.storyboard */,
				BE8907DB2898029A0028DB3F /* Info.plist */,
			);
			path = CNChalllengeOne;
			sourceTree = "<group>";
		};
		BE8907E1289803140028DB3F /* Data */ = {
			isa = PBXGroup;
			children = (
				BE8907E2289803240028DB3F /* CNItem.swift */,
			);
			path = Data;
			sourceTree = "<group>";
		};
		BE8907E4289803E00028DB3F /* Domain */ = {
			isa = PBXGroup;
			children = (
				BE8907E5289803F80028DB3F /* NetworkManager.swift */,
				BE8907E72898120B0028DB3F /* Foo.swift */,
				BE8907E928981E850028DB3F /* CNItemFoo.swift */,
				BE8907EB28981E9E0028DB3F /* CNComicBookFoo.swift */,
			);
			path = Domain;
			sourceTree = "<group>";
		};
		BE8907ED289823050028DB3F /* Presentation */ = {
			isa = PBXGroup;
			children = (
				BE8907EE289823180028DB3F /* FooViewController.swift */,
			);
			path = Presentation;
			sourceTree = "<group>";
		};
/* End PBXGroup section */

/* Begin PBXNativeTarget section */
		BE8907C9289802990028DB3F /* CNChalllengeOne */ = {
			isa = PBXNativeTarget;
			buildConfigurationList = BE8907DE2898029A0028DB3F /* Build configuration list for PBXNativeTarget "CNChalllengeOne" */;
			buildPhases = (
				BE8907C6289802990028DB3F /* Sources */,
				BE8907C7289802990028DB3F /* Frameworks */,
				BE8907C8289802990028DB3F /* Resources */,
			);
			buildRules = (
			);
			dependencies = (
			);
			name = CNChalllengeOne;
			productName = CNChalllengeOne;
			productReference = BE8907CA289802990028DB3F /* CNChalllengeOne.app */;
			productType = "com.apple.product-type.application";
		};
/* End PBXNativeTarget section */

/* Begin PBXProject section */
		BE8907C2289802990028DB3F /* Project object */ = {
			isa = PBXProject;
			attributes = {
				BuildIndependentTargetsInParallel = 1;
				LastSwiftUpdateCheck = 1340;
				LastUpgradeCheck = 1340;
				TargetAttributes = {
					BE8907C9289802990028DB3F = {
						CreatedOnToolsVersion = 13.4.1;
					};
				};
			};
			buildConfigurationList = BE8907C5289802990028DB3F /* Build configuration list for PBXProject "CNChalllengeOne" */;
			compatibilityVersion = "Xcode 13.0";
			developmentRegion = en;
			hasScannedForEncodings = 0;
			knownRegions = (
				en,
				Base,
			);
			mainGroup = BE8907C1289802990028DB3F;
			productRefGroup = BE8907CB289802990028DB3F /* Products */;
			projectDirPath = "";
			projectRoot = "";
			targets = (
				BE8907C9289802990028DB3F /* CNChalllengeOne */,
			);
		};
/* End PBXProject section */

/* Begin PBXResourcesBuildPhase section */
		BE8907C8289802990028DB3F /* Resources */ = {
			isa = PBXResourcesBuildPhase;
			buildActionMask = 2147483647;
			files = (
				BE8907DA2898029A0028DB3F /* LaunchScreen.storyboard in Resources */,
				BE8907D72898029A0028DB3F /* Assets.xcassets in Resources */,
				BE8907D5289802990028DB3F /* Main.storyboard in Resources */,
			);
			runOnlyForDeploymentPostprocessing = 0;
		};
/* End PBXResourcesBuildPhase section */

/* Begin PBXSourcesBuildPhase section */
		BE8907C6289802990028DB3F /* Sources */ = {
			isa = PBXSourcesBuildPhase;
			buildActionMask = 2147483647;
			files = (
				BE8907D2289802990028DB3F /* ViewController.swift in Sources */,
				BE8907CE289802990028DB3F /* AppDelegate.swift in Sources */,
				BE8907EF289823180028DB3F /* FooViewController.swift in Sources */,
				BE8907EC28981E9E0028DB3F /* CNComicBookFoo.swift in Sources */,
				BE8907E6289803F80028DB3F /* NetworkManager.swift in Sources */,
				BE8907D0289802990028DB3F /* SceneDelegate.swift in Sources */,
				BE8907EA28981E850028DB3F /* CNItemFoo.swift in Sources */,
				BE8907E82898120B0028DB3F /* Foo.swift in Sources */,
				BE8907E3289803240028DB3F /* CNItem.swift in Sources */,
			);
			runOnlyForDeploymentPostprocessing = 0;
		};
/* End PBXSourcesBuildPhase section */

/* Begin PBXVariantGroup section */
		BE8907D3289802990028DB3F /* Main.storyboard */ = {
			isa = PBXVariantGroup;
			children = (
				BE8907D4289802990028DB3F /* Base */,
			);
			name = Main.storyboard;
			sourceTree = "<group>";
		};
		BE8907D82898029A0028DB3F /* LaunchScreen.storyboard */ = {
			isa = PBXVariantGroup;
			children = (
				BE8907D92898029A0028DB3F /* Base */,
			);
			name = LaunchScreen.storyboard;
			sourceTree = "<group>";
		};
/* End PBXVariantGroup section */

/* Begin XCBuildConfiguration section */
		BE8907DC2898029A0028DB3F /* Debug */ = {
			isa = XCBuildConfiguration;
			buildSettings = {
				ALWAYS_SEARCH_USER_PATHS = NO;
				CLANG_ANALYZER_NONNULL = YES;
				CLANG_ANALYZER_NUMBER_OBJECT_CONVERSION = YES_AGGRESSIVE;
				CLANG_CXX_LANGUAGE_STANDARD = "gnu++17";
				CLANG_ENABLE_MODULES = YES;
				CLANG_ENABLE_OBJC_ARC = YES;
				CLANG_ENABLE_OBJC_WEAK = YES;
				CLANG_WARN_BLOCK_CAPTURE_AUTORELEASING = YES;
				CLANG_WARN_BOOL_CONVERSION = YES;
				CLANG_WARN_COMMA = YES;
				CLANG_WARN_CONSTANT_CONVERSION = YES;
				CLANG_WARN_DEPRECATED_OBJC_IMPLEMENTATIONS = YES;
				CLANG_WARN_DIRECT_OBJC_ISA_USAGE = YES_ERROR;
				CLANG_WARN_DOCUMENTATION_COMMENTS = YES;
				CLANG_WARN_EMPTY_BODY = YES;
				CLANG_WARN_ENUM_CONVERSION = YES;
				CLANG_WARN_INFINITE_RECURSION = YES;
				CLANG_WARN_INT_CONVERSION = YES;
				CLANG_WARN_NON_LITERAL_NULL_CONVERSION = YES;
				CLANG_WARN_OBJC_IMPLICIT_RETAIN_SELF = YES;
				CLANG_WARN_OBJC_LITERAL_CONVERSION = YES;
				CLANG_WARN_OBJC_ROOT_CLASS = YES_ERROR;
				CLANG_WARN_QUOTED_INCLUDE_IN_FRAMEWORK_HEADER = YES;
				CLANG_WARN_RANGE_LOOP_ANALYSIS = YES;
				CLANG_WARN_STRICT_PROTOTYPES = YES;
				CLANG_WARN_SUSPICIOUS_MOVE = YES;
				CLANG_WARN_UNGUARDED_AVAILABILITY = YES_AGGRESSIVE;
				CLANG_WARN_UNREACHABLE_CODE = YES;
				CLANG_WARN__DUPLICATE_METHOD_MATCH = YES;
				COPY_PHASE_STRIP = NO;
				DEBUG_INFORMATION_FORMAT = dwarf;
				ENABLE_STRICT_OBJC_MSGSEND = YES;
				ENABLE_TESTABILITY = YES;
				GCC_C_LANGUAGE_STANDARD = gnu11;
				GCC_DYNAMIC_NO_PIC = NO;
				GCC_NO_COMMON_BLOCKS = YES;
				GCC_OPTIMIZATION_LEVEL = 0;
				GCC_PREPROCESSOR_DEFINITIONS = (
					"DEBUG=1",
					"$(inherited)",
				);
				GCC_WARN_64_TO_32_BIT_CONVERSION = YES;
				GCC_WARN_ABOUT_RETURN_TYPE = YES_ERROR;
				GCC_WARN_UNDECLARED_SELECTOR = YES;
				GCC_WARN_UNINITIALIZED_AUTOS = YES_AGGRESSIVE;
				GCC_WARN_UNUSED_FUNCTION = YES;
				GCC_WARN_UNUSED_VARIABLE = YES;
				IPHONEOS_DEPLOYMENT_TARGET = 15.5;
				MTL_ENABLE_DEBUG_INFO = INCLUDE_SOURCE;
				MTL_FAST_MATH = YES;
				ONLY_ACTIVE_ARCH = YES;
				SDKROOT = iphoneos;
				SWIFT_ACTIVE_COMPILATION_CONDITIONS = DEBUG;
				SWIFT_OPTIMIZATION_LEVEL = "-Onone";
			};
			name = Debug;
		};
		BE8907DD2898029A0028DB3F /* Release */ = {
			isa = XCBuildConfiguration;
			buildSettings = {
				ALWAYS_SEARCH_USER_PATHS = NO;
				CLANG_ANALYZER_NONNULL = YES;
				CLANG_ANALYZER_NUMBER_OBJECT_CONVERSION = YES_AGGRESSIVE;
				CLANG_CXX_LANGUAGE_STANDARD = "gnu++17";
				CLANG_ENABLE_MODULES = YES;
				CLANG_ENABLE_OBJC_ARC = YES;
				CLANG_ENABLE_OBJC_WEAK = YES;
				CLANG_WARN_BLOCK_CAPTURE_AUTORELEASING = YES;
				CLANG_WARN_BOOL_CONVERSION = YES;
				CLANG_WARN_COMMA = YES;
				CLANG_WARN_CONSTANT_CONVERSION = YES;
				CLANG_WARN_DEPRECATED_OBJC_IMPLEMENTATIONS = YES;
				CLANG_WARN_DIRECT_OBJC_ISA_USAGE = YES_ERROR;
				CLANG_WARN_DOCUMENTATION_COMMENTS = YES;
				CLANG_WARN_EMPTY_BODY = YES;
				CLANG_WARN_ENUM_CONVERSION = YES;
				CLANG_WARN_INFINITE_RECURSION = YES;
				CLANG_WARN_INT_CONVERSION = YES;
				CLANG_WARN_NON_LITERAL_NULL_CONVERSION = YES;
				CLANG_WARN_OBJC_IMPLICIT_RETAIN_SELF = YES;
				CLANG_WARN_OBJC_LITERAL_CONVERSION = YES;
				CLANG_WARN_OBJC_ROOT_CLASS = YES_ERROR;
				CLANG_WARN_QUOTED_INCLUDE_IN_FRAMEWORK_HEADER = YES;
				CLANG_WARN_RANGE_LOOP_ANALYSIS = YES;
				CLANG_WARN_STRICT_PROTOTYPES = YES;
				CLANG_WARN_SUSPICIOUS_MOVE = YES;
				CLANG_WARN_UNGUARDED_AVAILABILITY = YES_AGGRESSIVE;
				CLANG_WARN_UNREACHABLE_CODE = YES;
				CLANG_WARN__DUPLICATE_METHOD_MATCH = YES;
				COPY_PHASE_STRIP = NO;
				DEBUG_INFORMATION_FORMAT = "dwarf-with-dsym";
				ENABLE_NS_ASSERTIONS = NO;
				ENABLE_STRICT_OBJC_MSGSEND = YES;
				GCC_C_LANGUAGE_STANDARD = gnu11;
				GCC_NO_COMMON_BLOCKS = YES;
				GCC_WARN_64_TO_32_BIT_CONVERSION = YES;
				GCC_WARN_ABOUT_RETURN_TYPE = YES_ERROR;
				GCC_WARN_UNDECLARED_SELECTOR = YES;
				GCC_WARN_UNINITIALIZED_AUTOS = YES_AGGRESSIVE;
				GCC_WARN_UNUSED_FUNCTION = YES;
				GCC_WARN_UNUSED_VARIABLE = YES;
				IPHONEOS_DEPLOYMENT_TARGET = 15.5;
				MTL_ENABLE_DEBUG_INFO = NO;
				MTL_FAST_MATH = YES;
				SDKROOT = iphoneos;
				SWIFT_COMPILATION_MODE = wholemodule;
				SWIFT_OPTIMIZATION_LEVEL = "-O";
				VALIDATE_PRODUCT = YES;
			};
			name = Release;
		};
		BE8907DF2898029A0028DB3F /* Debug */ = {
			isa = XCBuildConfiguration;
			buildSettings = {
				ASSETCATALOG_COMPILER_APPICON_NAME = AppIcon;
				ASSETCATALOG_COMPILER_GLOBAL_ACCENT_COLOR_NAME = AccentColor;
				CODE_SIGN_STYLE = Automatic;
				CURRENT_PROJECT_VERSION = 1;
				DEVELOPMENT_TEAM = Z4GYZZW3HB;
				GENERATE_INFOPLIST_FILE = YES;
				INFOPLIST_FILE = CNChalllengeOne/Info.plist;
				INFOPLIST_KEY_UIApplicationSupportsIndirectInputEvents = YES;
				INFOPLIST_KEY_UILaunchStoryboardName = LaunchScreen;
				INFOPLIST_KEY_UIMainStoryboardFile = Main;
				INFOPLIST_KEY_UISupportedInterfaceOrientations_iPad = "UIInterfaceOrientationPortrait UIInterfaceOrientationPortraitUpsideDown UIInterfaceOrientationLandscapeLeft UIInterfaceOrientationLandscapeRight";
				INFOPLIST_KEY_UISupportedInterfaceOrientations_iPhone = "UIInterfaceOrientationPortrait UIInterfaceOrientationLandscapeLeft UIInterfaceOrientationLandscapeRight";
				LD_RUNPATH_SEARCH_PATHS = (
					"$(inherited)",
					"@executable_path/Frameworks",
				);
				MARKETING_VERSION = 1.0;
				PRODUCT_BUNDLE_IDENTIFIER = it.gd.CNChalllengeOne;
				PRODUCT_NAME = "$(TARGET_NAME)";
				SWIFT_EMIT_LOC_STRINGS = YES;
				SWIFT_VERSION = 5.0;
				TARGETED_DEVICE_FAMILY = "1,2";
			};
			name = Debug;
		};
		BE8907E02898029A0028DB3F /* Release */ = {
			isa = XCBuildConfiguration;
			buildSettings = {
				ASSETCATALOG_COMPILER_APPICON_NAME = AppIcon;
				ASSETCATALOG_COMPILER_GLOBAL_ACCENT_COLOR_NAME = AccentColor;
				CODE_SIGN_STYLE = Automatic;
				CURRENT_PROJECT_VERSION = 1;
				DEVELOPMENT_TEAM = Z4GYZZW3HB;
				GENERATE_INFOPLIST_FILE = YES;
				INFOPLIST_FILE = CNChalllengeOne/Info.plist;
				INFOPLIST_KEY_UIApplicationSupportsIndirectInputEvents = YES;
				INFOPLIST_KEY_UILaunchStoryboardName = LaunchScreen;
				INFOPLIST_KEY_UIMainStoryboardFile = Main;
				INFOPLIST_KEY_UISupportedInterfaceOrientations_iPad = "UIInterfaceOrientationPortrait UIInterfaceOrientationPortraitUpsideDown UIInterfaceOrientationLandscapeLeft UIInterfaceOrientationLandscapeRight";
				INFOPLIST_KEY_UISupportedInterfaceOrientations_iPhone = "UIInterfaceOrientationPortrait UIInterfaceOrientationLandscapeLeft UIInterfaceOrientationLandscapeRight";
				LD_RUNPATH_SEARCH_PATHS = (
					"$(inherited)",
					"@executable_path/Frameworks",
				);
				MARKETING_VERSION = 1.0;
				PRODUCT_BUNDLE_IDENTIFIER = it.gd.CNChalllengeOne;
				PRODUCT_NAME = "$(TARGET_NAME)";
				SWIFT_EMIT_LOC_STRINGS = YES;
				SWIFT_VERSION = 5.0;
				TARGETED_DEVICE_FAMILY = "1,2";
			};
			name = Release;
		};
/* End XCBuildConfiguration section */

/* Begin XCConfigurationList section */
		BE8907C5289802990028DB3F /* Build configuration list for PBXProject "CNChalllengeOne" */ = {
			isa = XCConfigurationList;
			buildConfigurations = (
				BE8907DC2898029A0028DB3F /* Debug */,
				BE8907DD2898029A0028DB3F /* Release */,
			);
			defaultConfigurationIsVisible = 0;
			defaultConfigurationName = Release;
		};
		BE8907DE2898029A0028DB3F /* Build configuration list for PBXNativeTarget "CNChalllengeOne" */ = {
			isa = XCConfigurationList;
			buildConfigurations = (
				BE8907DF2898029A0028DB3F /* Debug */,
				BE8907E02898029A0028DB3F /* Release */,
			);
			defaultConfigurationIsVisible = 0;
			defaultConfigurationName = Release;
		};
/* End XCConfigurationList section */
	};
	rootObject = BE8907C2289802990028DB3F /* Project object */;
}
